
Microsoft Visual Studio Solution File, Format Version 12.00
# Visual Studio 15
VisualStudioVersion = 15.0.26430.14
MinimumVisualStudioVersion = 10.0.40219.1
Project("{9A19103F-16F7-4668-BE54-9A1E7A4F7556}") = "RT.Comb", "src\RT.Comb\RT.Comb.csproj", "{C679F46B-D6B1-4A98-8765-E3F26A6240FA}"
EndProject
Project("{9A19103F-16F7-4668-BE54-9A1E7A4F7556}") = "RT.Comb.Tests", "test\RT.Comb.Tests\RT.Comb.Tests.csproj", "{8DE831F8-7332-4ABA-B521-09E05FD8D423}"
EndProject
Global
	GlobalSection(SolutionConfigurationPlatforms) = preSolution
		Debug|Any CPU = Debug|Any CPU
		Release|Any CPU = Release|Any CPU
	EndGlobalSection
	GlobalSection(ProjectConfigurationPlatforms) = postSolution
		{C679F46B-D6B1-4A98-8765-E3F26A6240FA}.Debug|Any CPU.ActiveCfg = Debug|Any CPU
		{C679F46B-D6B1-4A98-8765-E3F26A6240FA}.Debug|Any CPU.Build.0 = Debug|Any CPU
		{C679F46B-D6B1-4A98-8765-E3F26A6240FA}.Release|Any CPU.ActiveCfg = Release|Any CPU
		{C679F46B-D6B1-4A98-8765-E3F26A6240FA}.Release|Any CPU.Build.0 = Release|Any CPU
		{8DE831F8-7332-4ABA-B521-09E05FD8D423}.Debug|Any CPU.ActiveCfg = Debug|Any CPU
		{8DE831F8-7332-4ABA-B521-09E05FD8D423}.Debug|Any CPU.Build.0 = Debug|Any CPU
		{8DE831F8-7332-4ABA-B521-09E05FD8D423}.Release|Any CPU.ActiveCfg = Release|Any CPU
		{8DE831F8-7332-4ABA-B521-09E05FD8D423}.Release|Any CPU.Build.0 = Release|Any CPU
	EndGlobalSection
	GlobalSection(SolutionProperties) = preSolution
		HideSolutionNode = FALSE
	EndGlobalSection
EndGlobal
